{
  "name": "@madd-sh/madd",
  "version": "0.1.3",
  "lockfileVersion": 3,
  "requires": true,
  "packages": {
    "": {
      "name": "@madd-sh/madd",
      "version": "0.1.3",
      "license": "MIT",
      "bin": {
        "madd": "bin/madd.js"
      },
      "engines": {
        "node": ">=18.0.0"
      }
    }
  }
}
